# THIS IS AN AUTOGENERATED FILE. DO NOT EDIT THIS FILE DIRECTLY.
# yarn lockfile v1


"@types/eslint-scope@^3.7.0":
  version "3.7.0"
  resolved "https://registry.npm.taobao.org/@types/eslint-scope/download/@types/eslint-scope-3.7.0.tgz#4792816e31119ebd506902a482caec4951fabd86"
  integrity sha1-R5KBbjERnr1QaQKkgsrsSVH6vYY=
  dependencies:
    "@types/eslint" "*"
    "@types/estree" "*"

"@types/eslint@*":
  version "7.2.7"
  resolved "https://registry.npm.taobao.org/@types/eslint/download/@types/eslint-7.2.7.tgz?cache=0&sync_timestamp=1615111799713&other_urls=https%3A%2F%2Fregistry.npm.taobao.org%2F%40types%2Feslint%2Fdownload%2F%40types%2Feslint-7.2.7.tgz#f7ef1cf0dceab0ae6f9a976a0a9af14ab1baca26"
  integrity sha1-9+8c8NzqsK5vmpdqCprxSrG6yiY=
  dependencies:
    "@types/estree" "*"
    "@types/json-schema" "*"

"@types/estree@*", "@types/estree@^0.0.46":
  version "0.0.46"
  resolved "https://registry.npm.taobao.org/@types/estree/download/@types/estree-0.0.46.tgz#0fb6bfbbeabd7a30880504993369c4bf1deab1fe"
  integrity sha1-D7a/u+q9ejCIBQSZM2nEvx3qsf4=

"@types/json-schema@*", "@types/json-schema@^7.0.6":
  version "7.0.7"
  resolved "https://registry.npm.taobao.org/@types/json-schema/download/@types/json-schema-7.0.7.tgz#98a993516c859eb0d5c4c8f098317a9ea68db9ad"
  integrity sha1-mKmTUWyFnrDVxMjwmDF6nqaNua0=

"@types/json5@^0.0.29":
  version "0.0.29"
  resolved "https://registry.npmjs.org/@types/json5/-/json5-0.0.29.tgz#ee28707ae94e11d2b827bcbe5270bcea7f3e71ee"
  integrity sha1-7ihweulOEdK4J7y+UnC86n8+ce4=

"@types/mocha@^8.2.2":
  version "8.2.2"
  resolved "https://registry.npm.taobao.org/@types/mocha/download/@types/mocha-8.2.2.tgz?cache=0&sync_timestamp=1616204300394&other_urls=https%3A%2F%2Fregistry.npm.taobao.org%2F%40types%2Fmocha%2Fdownload%2F%40types%2Fmocha-8.2.2.tgz#91daa226eb8c2ff261e6a8cbf8c7304641e095e0"
  integrity sha1-kdqiJuuML/Jh5qjL+McwRkHgleA=

"@types/node@*":
  version "10.12.18"
  resolved "https://registry.npmjs.org/@types/node/-/node-10.12.18.tgz#1d3ca764718915584fcd9f6344621b7672665c67"
  integrity sha512-fh+pAqt4xRzPfqA6eh3Z2y6fyZavRIumvjhaCL753+TVkGKGhpPeyrJG2JftD0T9q4GF00KjefsQ+PQNDdWQaQ==

"@types/node@^14.14.35":
  version "14.14.35"
  resolved "https://registry.npm.taobao.org/@types/node/download/@types/node-14.14.35.tgz?cache=0&sync_timestamp=1615834803874&other_urls=https%3A%2F%2Fregistry.npm.taobao.org%2F%40types%2Fnode%2Fdownload%2F%40types%2Fnode-14.14.35.tgz#42c953a4e2b18ab931f72477e7012172f4ffa313"
  integrity sha1-QslTpOKxirkx9yR35wEhcvT/oxM=

"@webassemblyjs/ast@1.11.0":
  version "1.11.0"
  resolved "https://registry.npm.taobao.org/@webassemblyjs/ast/download/@webassemblyjs/ast-1.11.0.tgz#a5aa679efdc9e51707a4207139da57920555961f"
  integrity sha1-papnnv3J5RcHpCBxOdpXkgVVlh8=
  dependencies:
    "@webassemblyjs/helper-numbers" "1.11.0"
    "@webassemblyjs/helper-wasm-bytecode" "1.11.0"

"@webassemblyjs/floating-point-hex-parser@1.11.0":
  version "1.11.0"
  resolved "https://registry.npm.taobao.org/@webassemblyjs/floating-point-hex-parser/download/@webassemblyjs/floating-point-hex-parser-1.11.0.tgz?cache=0&sync_timestamp=1610041388005&other_urls=https%3A%2F%2Fregistry.npm.taobao.org%2F%40webassemblyjs%2Ffloating-point-hex-parser%2Fdownload%2F%40webassemblyjs%2Ffloating-point-hex-parser-1.11.0.tgz#34d62052f453cd43101d72eab4966a022587947c"
  integrity sha1-NNYgUvRTzUMQHXLqtJZqAiWHlHw=

"@webassemblyjs/helper-api-error@1.11.0":
  version "1.11.0"
  resolved "https://registry.npm.taobao.org/@webassemblyjs/helper-api-error/download/@webassemblyjs/helper-api-error-1.11.0.tgz?cache=0&sync_timestamp=1610041389547&other_urls=https%3A%2F%2Fregistry.npm.taobao.org%2F%40webassemblyjs%2Fhelper-api-error%2Fdownload%2F%40webassemblyjs%2Fhelper-api-error-1.11.0.tgz#aaea8fb3b923f4aaa9b512ff541b013ffb68d2d4"
  integrity sha1-quqPs7kj9KqptRL/VBsBP/to0tQ=

"@webassemblyjs/helper-buffer@1.11.0":
  version "1.11.0"
  resolved "https://registry.npm.taobao.org/@webassemblyjs/helper-buffer/download/@webassemblyjs/helper-buffer-1.11.0.tgz#d026c25d175e388a7dbda9694e91e743cbe9b642"
  integrity sha1-0CbCXRdeOIp9valpTpHnQ8vptkI=

"@webassemblyjs/helper-numbers@1.11.0":
  version "1.11.0"
  resolved "https://registry.npm.taobao.org/@webassemblyjs/helper-numbers/download/@webassemblyjs/helper-numbers-1.11.0.tgz#7ab04172d54e312cc6ea4286d7d9fa27c88cd4f9"
  integrity sha1-erBBctVOMSzG6kKG19n6J8iM1Pk=
  dependencies:
    "@webassemblyjs/floating-point-hex-parser" "1.11.0"
    "@webassemblyjs/helper-api-error" "1.11.0"
    "@xtuc/long" "4.2.2"

"@webassemblyjs/helper-wasm-bytecode@1.11.0":
  version "1.11.0"
  resolved "https://registry.npm.taobao.org/@webassemblyjs/helper-wasm-bytecode/download/@webassemblyjs/helper-wasm-bytecode-1.11.0.tgz#85fdcda4129902fe86f81abf7e7236953ec5a4e1"
  integrity sha1-hf3NpBKZAv6G+Bq/fnI2lT7FpOE=

"@webassemblyjs/helper-wasm-section@1.11.0":
  version "1.11.0"
  resolved "https://registry.npm.taobao.org/@webassemblyjs/helper-wasm-section/download/@webassemblyjs/helper-wasm-section-1.11.0.tgz?cache=0&sync_timestamp=1610041387398&other_urls=https%3A%2F%2Fregistry.npm.taobao.org%2F%40webassemblyjs%2Fhelper-wasm-section%2Fdownload%2F%40webassemblyjs%2Fhelper-wasm-section-1.11.0.tgz#9ce2cc89300262509c801b4af113d1ca25c1a75b"
  integrity sha1-nOLMiTACYlCcgBtK8RPRyiXBp1s=
  dependencies:
    "@webassemblyjs/ast" "1.11.0"
    "@webassemblyjs/helper-buffer" "1.11.0"
    "@webassemblyjs/helper-wasm-bytecode" "1.11.0"
    "@webassemblyjs/wasm-gen" "1.11.0"

"@webassemblyjs/ieee754@1.11.0":
  version "1.11.0"
  resolved "https://registry.npm.taobao.org/@webassemblyjs/ieee754/download/@webassemblyjs/ieee754-1.11.0.tgz?cache=0&sync_timestamp=1610041389648&other_urls=https%3A%2F%2Fregistry.npm.taobao.org%2F%40webassemblyjs%2Fieee754%2Fdownload%2F%40webassemblyjs%2Fieee754-1.11.0.tgz#46975d583f9828f5d094ac210e219441c4e6f5cf"
  integrity sha1-RpddWD+YKPXQlKwhDiGUQcTm9c8=
  dependencies:
    "@xtuc/ieee754" "^1.2.0"

"@webassemblyjs/leb128@1.11.0":
  version "1.11.0"
  resolved "https://registry.npm.taobao.org/@webassemblyjs/leb128/download/@webassemblyjs/leb128-1.11.0.tgz#f7353de1df38aa201cba9fb88b43f41f75ff403b"
  integrity sha1-9zU94d84qiAcup+4i0P0H3X/QDs=
  dependencies:
    "@xtuc/long" "4.2.2"

"@webassemblyjs/utf8@1.11.0":
  version "1.11.0"
  resolved "https://registry.npm.taobao.org/@webassemblyjs/utf8/download/@webassemblyjs/utf8-1.11.0.tgz#86e48f959cf49e0e5091f069a709b862f5a2cadf"
  integrity sha1-huSPlZz0ng5QkfBppwm4YvWiyt8=

"@webassemblyjs/wasm-edit@1.11.0":
  version "1.11.0"
  resolved "https://registry.npm.taobao.org/@webassemblyjs/wasm-edit/download/@webassemblyjs/wasm-edit-1.11.0.tgz#ee4a5c9f677046a210542ae63897094c2027cb78"
  integrity sha1-7kpcn2dwRqIQVCrmOJcJTCAny3g=
  dependencies:
    "@webassemblyjs/ast" "1.11.0"
    "@webassemblyjs/helper-buffer" "1.11.0"
    "@webassemblyjs/helper-wasm-bytecode" "1.11.0"
    "@webassemblyjs/helper-wasm-section" "1.11.0"
    "@webassemblyjs/wasm-gen" "1.11.0"
    "@webassemblyjs/wasm-opt" "1.11.0"
    "@webassemblyjs/wasm-parser" "1.11.0"
    "@webassemblyjs/wast-printer" "1.11.0"

"@webassemblyjs/wasm-gen@1.11.0":
  version "1.11.0"
  resolved "https://registry.npm.taobao.org/@webassemblyjs/wasm-gen/download/@webassemblyjs/wasm-gen-1.11.0.tgz#3cdb35e70082d42a35166988dda64f24ceb97abe"
  integrity sha1-PNs15wCC1Co1FmmI3aZPJM65er4=
  dependencies:
    "@webassemblyjs/ast" "1.11.0"
    "@webassemblyjs/helper-wasm-bytecode" "1.11.0"
    "@webassemblyjs/ieee754" "1.11.0"
    "@webassemblyjs/leb128" "1.11.0"
    "@webassemblyjs/utf8" "1.11.0"

"@webassemblyjs/wasm-opt@1.11.0":
  version "1.11.0"
  resolved "https://registry.npm.taobao.org/@webassemblyjs/wasm-opt/download/@webassemblyjs/wasm-opt-1.11.0.tgz#1638ae188137f4bb031f568a413cd24d32f92978"
  integrity sha1-FjiuGIE39LsDH1aKQTzSTTL5KXg=
  dependencies:
    "@webassemblyjs/ast" "1.11.0"
    "@webassemblyjs/helper-buffer" "1.11.0"
    "@webassemblyjs/wasm-gen" "1.11.0"
    "@webassemblyjs/wasm-parser" "1.11.0"

"@webassemblyjs/wasm-parser@1.11.0":
  version "1.11.0"
  resolved "https://registry.npm.taobao.org/@webassemblyjs/wasm-parser/download/@webassemblyjs/wasm-parser-1.11.0.tgz#3e680b8830d5b13d1ec86cc42f38f3d4a7700754"
  integrity sha1-PmgLiDDVsT0eyGzELzjz1KdwB1Q=
  dependencies:
    "@webassemblyjs/ast" "1.11.0"
    "@webassemblyjs/helper-api-error" "1.11.0"
    "@webassemblyjs/helper-wasm-bytecode" "1.11.0"
    "@webassemblyjs/ieee754" "1.11.0"
    "@webassemblyjs/leb128" "1.11.0"
    "@webassemblyjs/utf8" "1.11.0"

"@webassemblyjs/wast-printer@1.11.0":
  version "1.11.0"
  resolved "https://registry.npm.taobao.org/@webassemblyjs/wast-printer/download/@webassemblyjs/wast-printer-1.11.0.tgz#680d1f6a5365d6d401974a8e949e05474e1fab7e"
  integrity sha1-aA0falNl1tQBl0qOlJ4FR04fq34=
  dependencies:
    "@webassemblyjs/ast" "1.11.0"
    "@xtuc/long" "4.2.2"

"@xtuc/ieee754@^1.2.0":
  version "1.2.0"
  resolved "https://registry.npmjs.org/@xtuc/ieee754/-/ieee754-1.2.0.tgz#eef014a3145ae477a1cbc00cd1e552336dceb790"
  integrity sha512-DX8nKgqcGwsc0eJSqYt5lwP4DH5FlHnmuWWBRy7X0NcaGR0ZtuyeESgMwTYVEtxmsNGY+qit4QYT/MIYTOTPeA==

"@xtuc/long@4.2.2":
  version "4.2.2"
  resolved "https://registry.npm.taobao.org/@xtuc/long/download/@xtuc/long-4.2.2.tgz#d291c6a4e97989b5c61d9acf396ae4fe133a718d"
  integrity sha1-0pHGpOl5ibXGHZrPOWrk/hM6cY0=

acorn@^8.0.4:
  version "8.1.0"
  resolved "https://registry.npm.taobao.org/acorn/download/acorn-8.1.0.tgz#52311fd7037ae119cbb134309e901aa46295b3fe"
  integrity sha1-UjEf1wN64RnLsTQwnpAapGKVs/4=

ajv-keywords@^3.5.2:
  version "3.5.2"
  resolved "https://registry.npm.taobao.org/ajv-keywords/download/ajv-keywords-3.5.2.tgz?cache=0&sync_timestamp=1616527841352&other_urls=https%3A%2F%2Fregistry.npm.taobao.org%2Fajv-keywords%2Fdownload%2Fajv-keywords-3.5.2.tgz#31f29da5ab6e00d1c2d329acf7b5929614d5014d"
  integrity sha1-MfKdpatuANHC0yms97WSlhTVAU0=

ajv@^6.12.5:
  version "6.12.6"
  resolved "https://registry.npm.taobao.org/ajv/download/ajv-6.12.6.tgz?cache=0&sync_timestamp=1616485066833&other_urls=https%3A%2F%2Fregistry.npm.taobao.org%2Fajv%2Fdownload%2Fajv-6.12.6.tgz#baf5a62e802b07d977034586f8c3baf5adf26df4"
  integrity sha1-uvWmLoArB9l3A0WG+MO69a3ybfQ=
  dependencies:
    fast-deep-equal "^3.1.1"
    fast-json-stable-stringify "^2.0.0"
    json-schema-traverse "^0.4.1"
    uri-js "^4.2.2"

ansi-regex@^5.0.0:
  version "5.0.0"
  resolved "https://registry.npm.taobao.org/ansi-regex/download/ansi-regex-5.0.0.tgz#388539f55179bf39339c81af30a654d69f87cb75"
  integrity sha1-OIU59VF5vzkznIGvMKZU1p+Hy3U=

ansi-styles@^4.1.0:
  version "4.3.0"
  resolved "https://registry.npm.taobao.org/ansi-styles/download/ansi-styles-4.3.0.tgz?cache=0&sync_timestamp=1611327117754&other_urls=https%3A%2F%2Fregistry.npm.taobao.org%2Fansi-styles%2Fdownload%2Fansi-styles-4.3.0.tgz#edd803628ae71c04c85ae7a0906edad34b648937"
  integrity sha1-7dgDYornHATIWuegkG7a00tkiTc=
  dependencies:
    color-convert "^2.0.1"

arg@^4.1.0:
  version "4.1.0"
  resolved "https://registry.npmjs.org/arg/-/arg-4.1.0.tgz#583c518199419e0037abb74062c37f8519e575f0"
  integrity sha512-ZWc51jO3qegGkVh8Hwpv636EkbesNV5ZNQPCtRa+0qytRYPEs9IYT9qITY9buezqUH5uqyzlWLcufrzU2rffdg==

balanced-match@^1.0.0:
  version "1.0.0"
  resolved "https://registry.npmjs.org/balanced-match/-/balanced-match-1.0.0.tgz#89b4d199ab2bee49de164ea02b89ce462d71b767"
  integrity sha1-ibTRmasr7kneFk6gK4nORi1xt2c=

brace-expansion@^1.1.7:
  version "1.1.11"
  resolved "https://registry.npmjs.org/brace-expansion/-/brace-expansion-1.1.11.tgz#3c7fcbf529d87226f3d2f52b966ff5271eb441dd"
  integrity sha512-iCuPHDFgrHX7H2vEI/5xpz07zSHB00TpugqhmYtVmMO6518mCuRMoOYFldEBl0g187ufozdaHgWKcYFb61qGiA==
  dependencies:
    balanced-match "^1.0.0"
    concat-map "0.0.1"

browser-stdout@1.3.1:
  version "1.3.1"
  resolved "https://registry.npmjs.org/browser-stdout/-/browser-stdout-1.3.1.tgz#baa559ee14ced73452229bad7326467c61fabd60"
  integrity sha512-qhAVI1+Av2X7qelOfAIYwXONood6XlZE/fXaBSmW/T5SzLAmCgzi+eiWE7fUvbHaeNBQH13UftjpXxsfLkMpgw==

browserslist@^4.14.5:
  version "4.16.3"
  resolved "https://registry.npm.taobao.org/browserslist/download/browserslist-4.16.3.tgz#340aa46940d7db878748567c5dea24a48ddf3717"
  integrity sha1-NAqkaUDX24eHSFZ8XeokpI3fNxc=
  dependencies:
    caniuse-lite "^1.0.30001181"
    colorette "^1.2.1"
    electron-to-chromium "^1.3.649"
    escalade "^3.1.1"
    node-releases "^1.1.70"

buffer-from@^1.0.0:
  version "1.1.1"
  resolved "https://registry.npmjs.org/buffer-from/-/buffer-from-1.1.1.tgz#32713bc028f75c02fdb710d7c7bcec1f2c6070ef"
  integrity sha512-MQcXEUbCKtEo7bhqEs6560Hyd4XaovZlO/k9V3hjVUF/zwW7KBVdSK4gIt/bzwS9MbR5qob+F5jusZsb0YQK2A==

cac@^6.6.1:
  version "6.7.2"
  resolved "https://registry.npm.taobao.org/cac/download/cac-6.7.2.tgz#e7f0d21f4776c46c7d0de7976e56fa5562e17597"
  integrity sha1-5/DSH0d2xGx9DeeXblb6VWLhdZc=

caniuse-lite@^1.0.30001181:
  version "1.0.30001204"
  resolved "https://registry.npm.taobao.org/caniuse-lite/download/caniuse-lite-1.0.30001204.tgz?cache=0&sync_timestamp=1616362509736&other_urls=https%3A%2F%2Fregistry.npm.taobao.org%2Fcaniuse-lite%2Fdownload%2Fcaniuse-lite-1.0.30001204.tgz#256c85709a348ec4d175e847a3b515c66e79f2aa"
  integrity sha1-JWyFcJo0jsTRdehHo7UVxm558qo=

chalk@^4.1.0:
  version "4.1.0"
  resolved "https://registry.npm.taobao.org/chalk/download/chalk-4.1.0.tgz?cache=0&sync_timestamp=1615968770306&other_urls=https%3A%2F%2Fregistry.npm.taobao.org%2Fchalk%2Fdownload%2Fchalk-4.1.0.tgz#4e14870a618d9e2edd97dd8345fd9d9dc315646a"
  integrity sha1-ThSHCmGNni7dl92DRf2dncMVZGo=
  dependencies:
    ansi-styles "^4.1.0"
    supports-color "^7.1.0"

chrome-trace-event@^1.0.2:
  version "1.0.2"
  resolved "https://registry.npm.taobao.org/chrome-trace-event/download/chrome-trace-event-1.0.2.tgz#234090ee97c7d4ad1a2c4beae27505deffc608a4"
  integrity sha1-I0CQ7pfH1K0aLEvq4nUF3v/GCKQ=
  dependencies:
    tslib "^1.9.0"

cli-spinners@^2.4.0:
  version "2.6.0"
  resolved "https://registry.npm.taobao.org/cli-spinners/download/cli-spinners-2.6.0.tgz?cache=0&sync_timestamp=1616091622495&other_urls=https%3A%2F%2Fregistry.npm.taobao.org%2Fcli-spinners%2Fdownload%2Fcli-spinners-2.6.0.tgz#36c7dc98fb6a9a76bd6238ec3f77e2425627e939"
  integrity sha1-NsfcmPtqmna9YjjsP3fiQlYn6Tk=

clone@^1.0.2:
  version "1.0.4"
  resolved "https://registry.npmjs.org/clone/-/clone-1.0.4.tgz#da309cc263df15994c688ca902179ca3c7cd7c7e"
  integrity sha1-2jCcwmPfFZlMaIypAheco8fNfH4=

color-convert@^2.0.1:
  version "2.0.1"
  resolved "https://registry.npm.taobao.org/color-convert/download/color-convert-2.0.1.tgz#72d3a68d598c9bdb3af2ad1e84f21d896abd4de3"
  integrity sha1-ctOmjVmMm9s68q0ehPIdiWq9TeM=
  dependencies:
    color-name "~1.1.4"

color-name@~1.1.4:
  version "1.1.4"
  resolved "https://registry.npm.taobao.org/color-name/download/color-name-1.1.4.tgz#c2a09a87acbde69543de6f63fa3995c826c536a2"
  integrity sha1-wqCah6y95pVD3m9j+jmVyCbFNqI=

colorette@^1.2.1:
  version "1.2.2"
  resolved "https://registry.npm.taobao.org/colorette/download/colorette-1.2.2.tgz?cache=0&sync_timestamp=1614259647923&other_urls=https%3A%2F%2Fregistry.npm.taobao.org%2Fcolorette%2Fdownload%2Fcolorette-1.2.2.tgz#cbcc79d5e99caea2dbf10eb3a26fd8b3e6acfa94"
  integrity sha1-y8x51emcrqLb8Q6zom/Ys+as+pQ=

commander@2.15.1:
  version "2.15.1"
  resolved "https://registry.npmjs.org/commander/-/commander-2.15.1.tgz#df46e867d0fc2aec66a34662b406a9ccafff5b0f"
  integrity sha512-VlfT9F3V0v+jr4yxPc5gg9s62/fIVWsd2Bk2iD435um1NlGMYdVCq+MjcXnhYq2icNOizHr1kK+5TI6H0Hy0ag==

commander@^2.20.0:
  version "2.20.3"
  resolved "https://registry.npm.taobao.org/commander/download/commander-2.20.3.tgz?cache=0&sync_timestamp=1616364569946&other_urls=https%3A%2F%2Fregistry.npm.taobao.org%2Fcommander%2Fdownload%2Fcommander-2.20.3.tgz#fd485e84c03eb4881c20722ba48035e8531aeb33"
  integrity sha1-/UhehMA+tIgcIHIrpIA16FMa6zM=

concat-map@0.0.1:
  version "0.0.1"
  resolved "https://registry.npmjs.org/concat-map/-/concat-map-0.0.1.tgz#d8a96bd77fd68df7793a73036a3ba0d5405d477b"
  integrity sha1-2Klr13/Wjfd5OnMDajug1UBdR3s=

cross-spawn@^7.0.0:
  version "7.0.3"
  resolved "https://registry.npm.taobao.org/cross-spawn/download/cross-spawn-7.0.3.tgz#f73a85b9d5d41d045551c177e2882d4ac85728a6"
  integrity sha1-9zqFudXUHQRVUcF34ogtSshXKKY=
  dependencies:
    path-key "^3.1.0"
    shebang-command "^2.0.0"
    which "^2.0.1"

debug@3.1.0:
  version "3.1.0"
  resolved "https://registry.npmjs.org/debug/-/debug-3.1.0.tgz#5bb5a0672628b64149566ba16819e61518c67261"
  integrity sha512-OX8XqP7/1a9cqkxYw2yXss15f26NKWBpDXQd0/uK/KPqdQhxbPa994hnzjcE2VqQpDslf55723cKPUOGSmMY3g==
  dependencies:
    ms "2.0.0"

deepmerge@^2.0.1:
  version "2.2.1"
  resolved "https://registry.npmjs.org/deepmerge/-/deepmerge-2.2.1.tgz#5d3ff22a01c00f645405a2fbc17d0778a1801170"
  integrity sha512-R9hc1Xa/NOBi9WRVUWg19rl1UB7Tt4kuPd+thNJgFZoxXsTz7ncaPaeIm+40oSGuP33DfMb4sZt1QIGiJzC4EA==

defaults@^1.0.3:
  version "1.0.3"
  resolved "https://registry.npmjs.org/defaults/-/defaults-1.0.3.tgz#c656051e9817d9ff08ed881477f3fe4019f3ef7d"
  integrity sha1-xlYFHpgX2f8I7YgUd/P+QBnz730=
  dependencies:
    clone "^1.0.2"

diff@3.5.0, diff@^3.1.0:
  version "3.5.0"
  resolved "https://registry.npmjs.org/diff/-/diff-3.5.0.tgz#800c0dd1e0a8bfbc95835c202ad220fe317e5a12"
  integrity sha512-A46qtFgd+g7pDZinpnwiRJtxbC1hpgf0uzP3iG89scHk0AUC7A1TGxf5OiiOUv/JMZR8GOt8hL900hV0bOy5xA==

ejs@^2.6.1:
  version "2.6.1"
  resolved "https://registry.npmjs.org/ejs/-/ejs-2.6.1.tgz#498ec0d495655abc6f23cd61868d926464071aa0"
  integrity sha512-0xy4A/twfrRCnkhfk8ErDi5DqdAsAqeGxht4xkCUrsvhhbQNs7E+4jV0CN7+NKIY0aHE72+XvqtBIXzD31ZbXQ==

electron-to-chromium@^1.3.649:
  version "1.3.698"
  resolved "https://registry.npm.taobao.org/electron-to-chromium/download/electron-to-chromium-1.3.698.tgz#5de813960f23581a268718a0058683dffa15d221"
  integrity sha1-XegTlg8jWBomhxigBYaD3/oV0iE=

end-of-stream@^1.1.0:
  version "1.4.1"
  resolved "https://registry.npmjs.org/end-of-stream/-/end-of-stream-1.4.1.tgz#ed29634d19baba463b6ce6b80a37213eab71ec43"
  integrity sha512-1MkrZNvWTKCaigbn+W15elq2BB/L22nqrSY5DKlo3X6+vclJm8Bb5djXJBmEX6fS3+zCh/F4VBK5Z2KxJt4s2Q==
  dependencies:
    once "^1.4.0"

enhanced-resolve@^5.7.0:
  version "5.7.0"
  resolved "https://registry.npm.taobao.org/enhanced-resolve/download/enhanced-resolve-5.7.0.tgz#525c5d856680fbd5052de453ac83e32049958b5c"
  integrity sha1-UlxdhWaA+9UFLeRTrIPjIEmVi1w=
  dependencies:
    graceful-fs "^4.2.4"
    tapable "^2.2.0"

es-module-lexer@^0.4.0:
  version "0.4.1"
  resolved "https://registry.npm.taobao.org/es-module-lexer/download/es-module-lexer-0.4.1.tgz?cache=0&sync_timestamp=1614787418359&other_urls=https%3A%2F%2Fregistry.npm.taobao.org%2Fes-module-lexer%2Fdownload%2Fes-module-lexer-0.4.1.tgz#dda8c6a14d8f340a24e34331e0fab0cb50438e0e"
  integrity sha1-3ajGoU2PNAok40Mx4Pqwy1BDjg4=

escalade@^3.1.1:
  version "3.1.1"
  resolved "https://registry.npm.taobao.org/escalade/download/escalade-3.1.1.tgz#d8cfdc7000965c5a0174b4a82eaa5c0552742e40"
  integrity sha1-2M/ccACWXFoBdLSoLqpcBVJ0LkA=

escape-string-regexp@1.0.5, escape-string-regexp@^1.0.5:
  version "1.0.5"
  resolved "https://registry.npmjs.org/escape-string-regexp/-/escape-string-regexp-1.0.5.tgz#1b61c0562190a8dff6ae3bb2cf0200ca130b86d4"
  integrity sha1-G2HAViGQqN/2rjuyzwIAyhMLhtQ=

eslint-scope@^5.1.1:
  version "5.1.1"
  resolved "https://registry.npm.taobao.org/eslint-scope/download/eslint-scope-5.1.1.tgz#e786e59a66cb92b3f6c1fb0d508aab174848f48c"
  integrity sha1-54blmmbLkrP2wfsNUIqrF0hI9Iw=
  dependencies:
    esrecurse "^4.3.0"
    estraverse "^4.1.1"

esrecurse@^4.3.0:
  version "4.3.0"
  resolved "https://registry.npm.taobao.org/esrecurse/download/esrecurse-4.3.0.tgz#7ad7964d679abb28bee72cec63758b1c5d2c9921"
  integrity sha1-eteWTWeauyi+5yzsY3WLHF0smSE=
  dependencies:
    estraverse "^5.2.0"

estraverse@^4.1.1:
  version "4.2.0"
  resolved "https://registry.npmjs.org/estraverse/-/estraverse-4.2.0.tgz#0dee3fed31fcd469618ce7342099fc1afa0bdb13"
  integrity sha1-De4/7TH81GlhjOc0IJn8GvoL2xM=

estraverse@^5.2.0:
  version "5.2.0"
  resolved "https://registry.npm.taobao.org/estraverse/download/estraverse-5.2.0.tgz#307df42547e6cc7324d3cf03c155d5cdb8c53880"
  integrity sha1-MH30JUfmzHMk088DwVXVzbjFOIA=

events@^3.2.0:
  version "3.3.0"
  resolved "https://registry.npm.taobao.org/events/download/events-3.3.0.tgz?cache=0&sync_timestamp=1614445408219&other_urls=https%3A%2F%2Fregistry.npm.taobao.org%2Fevents%2Fdownload%2Fevents-3.3.0.tgz#31a95ad0a924e2d2c419a813aeb2c4e878ea7400"
  integrity sha1-Mala0Kkk4tLEGagTrrLE6HjqdAA=

execa@^4.0.3:
  version "4.1.0"
  resolved "https://registry.npm.taobao.org/execa/download/execa-4.1.0.tgz#4e5491ad1572f2f17a77d388c6c857135b22847a"
  integrity sha1-TlSRrRVy8vF6d9OIxshXE1sihHo=
  dependencies:
    cross-spawn "^7.0.0"
    get-stream "^5.0.0"
    human-signals "^1.1.1"
    is-stream "^2.0.0"
    merge-stream "^2.0.0"
    npm-run-path "^4.0.0"
    onetime "^5.1.0"
    signal-exit "^3.0.2"
    strip-final-newline "^2.0.0"

fast-deep-equal@^3.1.1:
  version "3.1.3"
  resolved "https://registry.npm.taobao.org/fast-deep-equal/download/fast-deep-equal-3.1.3.tgz#3a7d56b559d6cbc3eb512325244e619a65c6c525"
  integrity sha1-On1WtVnWy8PrUSMlJE5hmmXGxSU=

fast-json-stable-stringify@^2.0.0:
  version "2.0.0"
  resolved "https://registry.npmjs.org/fast-json-stable-stringify/-/fast-json-stable-stringify-2.0.0.tgz#d5142c0caee6b1189f87d3a76111064f86c8bbf2"
  integrity sha1-1RQsDK7msRifh9OnYREGT4bIu/I=

figures@^3.2.0:
  version "3.2.0"
  resolved "https://registry.npm.taobao.org/figures/download/figures-3.2.0.tgz#625c18bd293c604dc4a8ddb2febf0c88341746af"
  integrity sha1-YlwYvSk8YE3EqN2y/r8MiDQXRq8=
  dependencies:
    escape-string-regexp "^1.0.5"

foy@^0.2.3:
  version "0.2.3"
  resolved "https://registry.npm.taobao.org/foy/download/foy-0.2.3.tgz#0ff14240f5f6ec26fe96e928425ddbf5816c30e7"
  integrity sha1-D/FCQPX27Cb+lukoQl3b9YFsMOc=
  dependencies:
    cac "^6.6.1"
    chalk "^4.1.0"
    cli-spinners "^2.4.0"
    execa "^4.0.3"
    figures "^3.2.0"
    shell-parser "^1.0.0"
    strip-ansi "^6.0.0"
    tslib "^2.0.1"
    wcwidth "^1.0.1"

fs.realpath@^1.0.0:
  version "1.0.0"
  resolved "https://registry.npmjs.org/fs.realpath/-/fs.realpath-1.0.0.tgz#1504ad2523158caa40db4a2787cb01411994ea4f"
  integrity sha1-FQStJSMVjKpA20onh8sBQRmU6k8=

get-stream@^5.0.0:
  version "5.2.0"
  resolved "https://registry.npm.taobao.org/get-stream/download/get-stream-5.2.0.tgz#4966a1795ee5ace65e706c4b7beb71257d6e22d3"
  integrity sha1-SWaheV7lrOZecGxLe+txJX1uItM=
  dependencies:
    pump "^3.0.0"

glob-to-regexp@^0.4.1:
  version "0.4.1"
  resolved "https://registry.npm.taobao.org/glob-to-regexp/download/glob-to-regexp-0.4.1.tgz#c75297087c851b9a578bd217dd59a92f59fe546e"
  integrity sha1-x1KXCHyFG5pXi9IX3VmpL1n+VG4=

glob@7.1.2:
  version "7.1.2"
  resolved "https://registry.npmjs.org/glob/-/glob-7.1.2.tgz#c19c9df9a028702d678612384a6552404c636d15"
  integrity sha512-MJTUg1kjuLeQCJ+ccE4Vpa6kKVXkPYJ2mOCQyUuKLcLQsdrMCpBPUi8qVE6+YuaJkozeA9NusTAw3hLr8Xe5EQ==
  dependencies:
    fs.realpath "^1.0.0"
    inflight "^1.0.4"
    inherits "2"
    minimatch "^3.0.4"
    once "^1.3.0"
    path-is-absolute "^1.0.0"

graceful-fs@^4.1.2:
  version "4.1.15"
  resolved "https://registry.npmjs.org/graceful-fs/-/graceful-fs-4.1.15.tgz#ffb703e1066e8a0eeaa4c8b80ba9253eeefbfb00"
  integrity sha512-6uHUhOPEBgQ24HM+r6b/QwWfZq+yiFcipKFrOFiBEnWdy5sdzYoi+pJeQaPI5qOLRFqWmAXUPQNsielzdLoecA==

graceful-fs@^4.2.4:
  version "4.2.6"
  resolved "https://registry.npm.taobao.org/graceful-fs/download/graceful-fs-4.2.6.tgz#ff040b2b0853b23c3d31027523706f1885d76bee"
  integrity sha1-/wQLKwhTsjw9MQJ1I3BvGIXXa+4=

growl@1.10.5:
  version "1.10.5"
  resolved "https://registry.npmjs.org/growl/-/growl-1.10.5.tgz#f2735dc2283674fa67478b10181059355c369e5e"
  integrity sha512-qBr4OuELkhPenW6goKVXiv47US3clb3/IbuWF9KNKEijAy9oeHxU9IgzjvJhHkUzhaj7rOUD7+YGWqUjLp5oSA==

has-flag@^3.0.0:
  version "3.0.0"
  resolved "https://registry.npmjs.org/has-flag/-/has-flag-3.0.0.tgz#b5d454dc2199ae225699f3467e5a07f3b955bafd"
  integrity sha1-tdRU3CGZriJWmfNGfloH87lVuv0=

has-flag@^4.0.0:
  version "4.0.0"
  resolved "https://registry.npm.taobao.org/has-flag/download/has-flag-4.0.0.tgz#944771fd9c81c81265c4d6941860da06bb59479b"
  integrity sha1-lEdx/ZyByBJlxNaUGGDaBrtZR5s=

he@1.1.1:
  version "1.1.1"
  resolved "https://registry.npmjs.org/he/-/he-1.1.1.tgz#93410fd21b009735151f8868c2f271f3427e23fd"
  integrity sha1-k0EP0hsAlzUVH4howvJx80J+I/0=

human-signals@^1.1.1:
  version "1.1.1"
  resolved "https://registry.npm.taobao.org/human-signals/download/human-signals-1.1.1.tgz#c5b1cd14f50aeae09ab6c59fe63ba3395fe4dfa3"
  integrity sha1-xbHNFPUK6uCatsWf5jujOV/k36M=

inflight@^1.0.4:
  version "1.0.6"
  resolved "https://registry.npmjs.org/inflight/-/inflight-1.0.6.tgz#49bd6331d7d02d0c09bc910a1075ba8165b56df9"
  integrity sha1-Sb1jMdfQLQwJvJEKEHW6gWW1bfk=
  dependencies:
    once "^1.3.0"
    wrappy "1"

inherits@2:
  version "2.0.3"
  resolved "https://registry.npmjs.org/inherits/-/inherits-2.0.3.tgz#633c2c83e3da42a502f52466022480f4208261de"
  integrity sha1-Yzwsg+PaQqUC9SRmAiSA9CCCYd4=

is-stream@^2.0.0:
  version "2.0.0"
  resolved "https://registry.npm.taobao.org/is-stream/download/is-stream-2.0.0.tgz#bde9c32680d6fae04129d6ac9d921ce7815f78e3"
  integrity sha1-venDJoDW+uBBKdasnZIc54FfeOM=

isexe@^2.0.0:
  version "2.0.0"
  resolved "https://registry.npmjs.org/isexe/-/isexe-2.0.0.tgz#e8fbf374dc556ff8947a10dcb0572d633f2cfa10"
  integrity sha1-6PvzdNxVb/iUehDcsFctYz8s+hA=

jest-worker@^26.6.2:
  version "26.6.2"
  resolved "https://registry.npm.taobao.org/jest-worker/download/jest-worker-26.6.2.tgz?cache=0&sync_timestamp=1615813479523&other_urls=https%3A%2F%2Fregistry.npm.taobao.org%2Fjest-worker%2Fdownload%2Fjest-worker-26.6.2.tgz#7f72cbc4d643c365e27b9fd775f9d0eaa9c7a8ed"
  integrity sha1-f3LLxNZDw2Xie5/XdfnQ6qnHqO0=
  dependencies:
    "@types/node" "*"
    merge-stream "^2.0.0"
    supports-color "^7.0.0"

json-parse-better-errors@^1.0.2:
  version "1.0.2"
  resolved "https://registry.npmjs.org/json-parse-better-errors/-/json-parse-better-errors-1.0.2.tgz#bb867cfb3450e69107c131d1c514bab3dc8bcaa9"
  integrity sha512-mrqyZKfX5EhL7hvqcV6WG1yYjnjeuYDzDhhcAAUrq8Po85NBQBJP+ZDUT75qZQ98IkUoBqdkExkukOU7Ts2wrw==

json-schema-traverse@^0.4.1:
  version "0.4.1"
  resolved "https://registry.npmjs.org/json-schema-traverse/-/json-schema-traverse-0.4.1.tgz#69f6a87d9513ab8bb8fe63bdb0979c448e684660"
  integrity sha512-xbbCH5dCYU5T8LcEhhuh7HJ88HXuW3qsI3Y0zOZFKfZEHcpWiHU/Jxzk629Brsab/mMiHQti9wMP+845RPe3Vg==

json5@^1.0.1:
  version "1.0.1"
  resolved "https://registry.npmjs.org/json5/-/json5-1.0.1.tgz#779fb0018604fa854eacbf6252180d83543e3dbe"
  integrity sha512-aKS4WQjPenRxiQsC93MNfjx+nbF4PAdYzmd/1JIj8HYzqfbu86beTuNgXDzPknWk0n0uARlyewZo4s++ES36Ow==
  dependencies:
    minimist "^1.2.0"

loader-runner@^4.2.0:
  version "4.2.0"
  resolved "https://registry.npm.taobao.org/loader-runner/download/loader-runner-4.2.0.tgz?cache=0&sync_timestamp=1610027880902&other_urls=https%3A%2F%2Fregistry.npm.taobao.org%2Floader-runner%2Fdownload%2Floader-runner-4.2.0.tgz#d7022380d66d14c5fb1d496b89864ebcfd478384"
  integrity sha1-1wIjgNZtFMX7HUlriYZOvP1Hg4Q=

make-error@^1.1.1:
  version "1.3.5"
  resolved "https://registry.npmjs.org/make-error/-/make-error-1.3.5.tgz#efe4e81f6db28cadd605c70f29c831b58ef776c8"
  integrity sha512-c3sIjNUow0+8swNwVpqoH4YCShKNFkMaw6oH1mNS2haDZQqkeZFlHS3dhoeEbKKmJB4vXpJucU6oH75aDYeE9g==

merge-stream@^2.0.0:
  version "2.0.0"
  resolved "https://registry.npm.taobao.org/merge-stream/download/merge-stream-2.0.0.tgz#52823629a14dd00c9770fb6ad47dc6310f2c1f60"
  integrity sha1-UoI2KaFN0AyXcPtq1H3GMQ8sH2A=

mime-db@1.46.0:
  version "1.46.0"
  resolved "https://registry.npm.taobao.org/mime-db/download/mime-db-1.46.0.tgz#6267748a7f799594de3cbc8cde91def349661cee"
  integrity sha1-Ymd0in95lZTePLyM3pHe80lmHO4=

mime-types@^2.1.27:
  version "2.1.29"
  resolved "https://registry.npm.taobao.org/mime-types/download/mime-types-2.1.29.tgz#1d4ab77da64b91f5f72489df29236563754bb1b2"
  integrity sha1-HUq3faZLkfX3JInfKSNlY3VLsbI=
  dependencies:
    mime-db "1.46.0"

mimic-fn@^2.1.0:
  version "2.1.0"
  resolved "https://registry.npm.taobao.org/mimic-fn/download/mimic-fn-2.1.0.tgz#7ed2c2ccccaf84d3ffcb7a69b57711fc2083401b"
  integrity sha1-ftLCzMyvhNP/y3pptXcR/CCDQBs=

minimatch@3.0.4, minimatch@^3.0.4:
  version "3.0.4"
  resolved "https://registry.npmjs.org/minimatch/-/minimatch-3.0.4.tgz#5166e286457f03306064be5497e8dbb0c3d32083"
  integrity sha512-yJHVQEhyqPLUTgt9B83PXu6W3rx4MvvHvSUvToogpwoGDOUQ+yDrR0HRot+yOCdCO7u4hX3pWft6kWBBcqh0UA==
  dependencies:
    brace-expansion "^1.1.7"

minimist@0.0.8:
  version "0.0.8"
  resolved "https://registry.npmjs.org/minimist/-/minimist-0.0.8.tgz#857fcabfc3397d2625b8228262e86aa7a011b05d"
  integrity sha1-hX/Kv8M5fSYluCKCYuhqp6ARsF0=

minimist@^1.2.0:
  version "1.2.0"
  resolved "https://registry.npmjs.org/minimist/-/minimist-1.2.0.tgz#a35008b20f41383eec1fb914f4cd5df79a264284"
  integrity sha1-o1AIsg9BOD7sH7kU9M1d95omQoQ=

mkdirp@0.5.1:
  version "0.5.1"
  resolved "https://registry.npmjs.org/mkdirp/-/mkdirp-0.5.1.tgz#30057438eac6cf7f8c4767f38648d6697d75c903"
  integrity sha1-MAV0OOrGz3+MR2fzhkjWaX11yQM=
  dependencies:
    minimist "0.0.8"

mocha@^5.2.0:
  version "5.2.0"
  resolved "https://registry.npmjs.org/mocha/-/mocha-5.2.0.tgz#6d8ae508f59167f940f2b5b3c4a612ae50c90ae6"
  integrity sha512-2IUgKDhc3J7Uug+FxMXuqIyYzH7gJjXECKe/w43IGgQHTSj3InJi+yAA7T24L9bQMRKiUEHxEX37G5JpVUGLcQ==
  dependencies:
    browser-stdout "1.3.1"
    commander "2.15.1"
    debug "3.1.0"
    diff "3.5.0"
    escape-string-regexp "1.0.5"
    glob "7.1.2"
    growl "1.10.5"
    he "1.1.1"
    minimatch "3.0.4"
    mkdirp "0.5.1"
    supports-color "5.4.0"

ms@2.0.0:
  version "2.0.0"
  resolved "https://registry.npmjs.org/ms/-/ms-2.0.0.tgz#5608aeadfc00be6c2901df5f9861788de0d597c8"
  integrity sha1-VgiurfwAvmwpAd9fmGF4jeDVl8g=

neo-async@^2.6.2:
  version "2.6.2"
  resolved "https://registry.npm.taobao.org/neo-async/download/neo-async-2.6.2.tgz#b4aafb93e3aeb2d8174ca53cf163ab7d7308305f"
  integrity sha1-tKr7k+OustgXTKU88WOrfXMIMF8=

node-releases@^1.1.70:
  version "1.1.71"
  resolved "https://registry.npm.taobao.org/node-releases/download/node-releases-1.1.71.tgz?cache=0&sync_timestamp=1614113881684&other_urls=https%3A%2F%2Fregistry.npm.taobao.org%2Fnode-releases%2Fdownload%2Fnode-releases-1.1.71.tgz#cb1334b179896b1c89ecfdd4b725fb7bbdfc7dbb"
  integrity sha1-yxM0sXmJaxyJ7P3UtyX7e738fbs=

npm-run-path@^4.0.0:
  version "4.0.1"
  resolved "https://registry.npm.taobao.org/npm-run-path/download/npm-run-path-4.0.1.tgz#b7ecd1e5ed53da8e37a55e1c2269e0b97ed748ea"
  integrity sha1-t+zR5e1T2o43pV4cImnguX7XSOo=
  dependencies:
    path-key "^3.0.0"

once@^1.3.0, once@^1.3.1, once@^1.4.0:
  version "1.4.0"
  resolved "https://registry.npmjs.org/once/-/once-1.4.0.tgz#583b1aa775961d4b113ac17d9c50baef9dd76bd1"
  integrity sha1-WDsap3WWHUsROsF9nFC6753Xa9E=
  dependencies:
    wrappy "1"

onetime@^5.1.0:
  version "5.1.2"
  resolved "https://registry.npm.taobao.org/onetime/download/onetime-5.1.2.tgz#d0e96ebb56b07476df1dd9c4806e5237985ca45e"
  integrity sha1-0Oluu1awdHbfHdnEgG5SN5hcpF4=
  dependencies:
    mimic-fn "^2.1.0"

p-limit@^3.1.0:
  version "3.1.0"
  resolved "https://registry.npm.taobao.org/p-limit/download/p-limit-3.1.0.tgz?cache=0&sync_timestamp=1606288370125&other_urls=https%3A%2F%2Fregistry.npm.taobao.org%2Fp-limit%2Fdownload%2Fp-limit-3.1.0.tgz#e1daccbe78d0d1388ca18c64fea38e3e57e3706b"
  integrity sha1-4drMvnjQ0TiMoYxk/qOOPlfjcGs=
  dependencies:
    yocto-queue "^0.1.0"

path-is-absolute@^1.0.0:
  version "1.0.1"
  resolved "https://registry.npmjs.org/path-is-absolute/-/path-is-absolute-1.0.1.tgz#174b9268735534ffbc7ace6bf53a5a9e1b5c5f5f"
  integrity sha1-F0uSaHNVNP+8es5r9TpanhtcX18=

path-key@^3.0.0, path-key@^3.1.0:
  version "3.1.1"
  resolved "https://registry.npm.taobao.org/path-key/download/path-key-3.1.1.tgz#581f6ade658cbba65a0d3380de7753295054f375"
  integrity sha1-WB9q3mWMu6ZaDTOA3ndTKVBU83U=

pump@^3.0.0:
  version "3.0.0"
  resolved "https://registry.npmjs.org/pump/-/pump-3.0.0.tgz#b4a2116815bde2f4e1ea602354e8c75565107a64"
  integrity sha512-LwZy+p3SFs1Pytd/jYct4wpv49HiYCqd9Rlc5ZVdk0V+8Yzv6jR5Blk3TRmPL1ft69TxP0IMZGJ+WPFU2BFhww==
  dependencies:
    end-of-stream "^1.1.0"
    once "^1.3.1"

punycode@^2.1.0:
  version "2.1.1"
  resolved "https://registry.npmjs.org/punycode/-/punycode-2.1.1.tgz#b58b010ac40c22c5657616c8d2c2c02c7bf479ec"
  integrity sha512-XRsRjdf+j5ml+y/6GKHPZbrF/8p2Yga0JPtdqTIY2Xe5ohJPD9saDJJLPvp9+NSBprVvevdXZybnj2cv8OEd0A==

randombytes@^2.1.0:
  version "2.1.0"
  resolved "https://registry.npm.taobao.org/randombytes/download/randombytes-2.1.0.tgz#df6f84372f0270dc65cdf6291349ab7a473d4f2a"
  integrity sha1-32+ENy8CcNxlzfYpE0mrekc9Tyo=
  dependencies:
    safe-buffer "^5.1.0"

safe-buffer@^5.1.0:
  version "5.1.2"
  resolved "https://registry.npmjs.org/safe-buffer/-/safe-buffer-5.1.2.tgz#991ec69d296e0313747d59bdfd2b745c35f8828d"
  integrity sha512-Gd2UZBJDkXlY7GbJxfsE8/nvKkUEU1G38c1siN6QP6a9PT9MmHB8GnpscSmMJSoF8LOIrt8ud/wPtojys4G6+g==

schema-utils@^3.0.0:
  version "3.0.0"
  resolved "https://registry.npm.taobao.org/schema-utils/download/schema-utils-3.0.0.tgz#67502f6aa2b66a2d4032b4279a2944978a0913ef"
  integrity sha1-Z1AvaqK2ai1AMrQnmilEl4oJE+8=
  dependencies:
    "@types/json-schema" "^7.0.6"
    ajv "^6.12.5"
    ajv-keywords "^3.5.2"

serialize-javascript@^5.0.1:
  version "5.0.1"
  resolved "https://registry.npm.taobao.org/serialize-javascript/download/serialize-javascript-5.0.1.tgz#7886ec848049a462467a97d3d918ebb2aaf934f4"
  integrity sha1-eIbshIBJpGJGepfT2Rjrsqr5NPQ=
  dependencies:
    randombytes "^2.1.0"

shebang-command@^2.0.0:
  version "2.0.0"
  resolved "https://registry.npm.taobao.org/shebang-command/download/shebang-command-2.0.0.tgz#ccd0af4f8835fbdc265b82461aaf0c36663f34ea"
  integrity sha1-zNCvT4g1+9wmW4JGGq8MNmY/NOo=
  dependencies:
    shebang-regex "^3.0.0"

shebang-regex@^3.0.0:
  version "3.0.0"
  resolved "https://registry.npm.taobao.org/shebang-regex/download/shebang-regex-3.0.0.tgz#ae16f1644d873ecad843b0307b143362d4c42172"
  integrity sha1-rhbxZE2HPsrYQ7AwexQzYtTEIXI=

shell-parser@^1.0.0:
  version "1.0.0"
  resolved "https://registry.npm.taobao.org/shell-parser/download/shell-parser-1.0.0.tgz#fa5df05622ecb7cb3f395e0c9e7a44c86e1349be"
  integrity sha1-+l3wViLst8s/OV4MnnpEyG4TSb4=

signal-exit@^3.0.2:
  version "3.0.3"
  resolved "https://registry.npm.taobao.org/signal-exit/download/signal-exit-3.0.3.tgz#a1410c2edd8f077b08b4e253c8eacfcaf057461c"
  integrity sha1-oUEMLt2PB3sItOJTyOrPyvBXRhw=

source-list-map@^2.0.1:
  version "2.0.1"
  resolved "https://registry.npm.taobao.org/source-list-map/download/source-list-map-2.0.1.tgz#3993bd873bfc48479cca9ea3a547835c7c154b34"
  integrity sha1-OZO9hzv8SEecyp6jpUeDXHwVSzQ=

source-map-support@^0.5.6:
  version "0.5.10"
  resolved "https://registry.npmjs.org/source-map-support/-/source-map-support-0.5.10.tgz#2214080bc9d51832511ee2bab96e3c2f9353120c"
  integrity sha512-YfQ3tQFTK/yzlGJuX8pTwa4tifQj4QS2Mj7UegOu8jAz59MqIiMGPXxQhVQiIMNzayuUSF/jEuVnfFF5JqybmQ==
  dependencies:
    buffer-from "^1.0.0"
    source-map "^0.6.0"

source-map-support@~0.5.19:
  version "0.5.19"
  resolved "https://registry.npm.taobao.org/source-map-support/download/source-map-support-0.5.19.tgz#a98b62f86dcaf4f67399648c085291ab9e8fed61"
  integrity sha1-qYti+G3K9PZzmWSMCFKRq56P7WE=
  dependencies:
    buffer-from "^1.0.0"
    source-map "^0.6.0"

source-map@^0.6.0, source-map@^0.6.1:
  version "0.6.1"
  resolved "https://registry.npmjs.org/source-map/-/source-map-0.6.1.tgz#74722af32e9614e9c287a8d0bbde48b5e2f1a263"
  integrity sha512-UjgapumWlbMhkBgzT7Ykc5YXUT46F0iKu8SGXq0bcwP5dz/h0Plj6enJqjz1Zbq2l5WaqYnrVbwWOWMyF3F47g==

source-map@~0.7.2:
  version "0.7.3"
  resolved "https://registry.npm.taobao.org/source-map/download/source-map-0.7.3.tgz#5302f8169031735226544092e64981f751750383"
  integrity sha1-UwL4FpAxc1ImVECS5kmB91F1A4M=

strip-ansi@^6.0.0:
  version "6.0.0"
  resolved "https://registry.npm.taobao.org/strip-ansi/download/strip-ansi-6.0.0.tgz#0b1571dd7669ccd4f3e06e14ef1eed26225ae532"
  integrity sha1-CxVx3XZpzNTz4G4U7x7tJiJa5TI=
  dependencies:
    ansi-regex "^5.0.0"

strip-bom@^3.0.0:
  version "3.0.0"
  resolved "https://registry.npmjs.org/strip-bom/-/strip-bom-3.0.0.tgz#2334c18e9c759f7bdd56fdef7e9ae3d588e68ed3"
  integrity sha1-IzTBjpx1n3vdVv3vfprj1YjmjtM=

strip-final-newline@^2.0.0:
  version "2.0.0"
  resolved "https://registry.npm.taobao.org/strip-final-newline/download/strip-final-newline-2.0.0.tgz#89b852fb2fcbe936f6f4b3187afb0a12c1ab58ad"
  integrity sha1-ibhS+y/L6Tb29LMYevsKEsGrWK0=

supports-color@5.4.0:
  version "5.4.0"
  resolved "https://registry.npmjs.org/supports-color/-/supports-color-5.4.0.tgz#1c6b337402c2137605efe19f10fec390f6faab54"
  integrity sha512-zjaXglF5nnWpsq470jSv6P9DwPvgLkuapYmfDm3JWOm0vkNTVF2tI4UrN2r6jH1qM/uc/WtxYY1hYoA2dOKj5w==
  dependencies:
    has-flag "^3.0.0"

supports-color@^7.0.0, supports-color@^7.1.0:
  version "7.2.0"
  resolved "https://registry.npm.taobao.org/supports-color/download/supports-color-7.2.0.tgz?cache=0&sync_timestamp=1611394043517&other_urls=https%3A%2F%2Fregistry.npm.taobao.org%2Fsupports-color%2Fdownload%2Fsupports-color-7.2.0.tgz#1b7dcdcb32b8138801b3e478ba6a51caa89648da"
  integrity sha1-G33NyzK4E4gBs+R4umpRyqiWSNo=
  dependencies:
    has-flag "^4.0.0"

tapable@^2.1.1, tapable@^2.2.0:
  version "2.2.0"
  resolved "https://registry.npm.taobao.org/tapable/download/tapable-2.2.0.tgz?cache=0&sync_timestamp=1607088891056&other_urls=https%3A%2F%2Fregistry.npm.taobao.org%2Ftapable%2Fdownload%2Ftapable-2.2.0.tgz#5c373d281d9c672848213d0e037d1c4165ab426b"
  integrity sha1-XDc9KB2cZyhIIT0OA30cQWWrQms=

terser-webpack-plugin@^5.1.1:
  version "5.1.1"
  resolved "https://registry.npm.taobao.org/terser-webpack-plugin/download/terser-webpack-plugin-5.1.1.tgz?cache=0&sync_timestamp=1610194262897&other_urls=https%3A%2F%2Fregistry.npm.taobao.org%2Fterser-webpack-plugin%2Fdownload%2Fterser-webpack-plugin-5.1.1.tgz#7effadee06f7ecfa093dbbd3e9ab23f5f3ed8673"
  integrity sha1-fv+t7gb37PoJPbvT6asj9fPthnM=
  dependencies:
    jest-worker "^26.6.2"
    p-limit "^3.1.0"
    schema-utils "^3.0.0"
    serialize-javascript "^5.0.1"
    source-map "^0.6.1"
    terser "^5.5.1"

terser@^5.5.1:
  version "5.6.1"
  resolved "https://registry.npm.taobao.org/terser/download/terser-5.6.1.tgz?cache=0&sync_timestamp=1616002306469&other_urls=https%3A%2F%2Fregistry.npm.taobao.org%2Fterser%2Fdownload%2Fterser-5.6.1.tgz#a48eeac5300c0a09b36854bf90d9c26fb201973c"
  integrity sha1-pI7qxTAMCgmzaFS/kNnCb7IBlzw=
  dependencies:
    commander "^2.20.0"
    source-map "~0.7.2"
    source-map-support "~0.5.19"

ts-node@^8.0.2:
  version "8.0.2"
  resolved "https://registry.npmjs.org/ts-node/-/ts-node-8.0.2.tgz#9ecdf8d782a0ca4c80d1d641cbb236af4ac1b756"
  integrity sha512-MosTrinKmaAcWgO8tqMjMJB22h+sp3Rd1i4fdoWY4mhBDekOwIAKI/bzmRi7IcbCmjquccYg2gcF6NBkLgr0Tw==
  dependencies:
    arg "^4.1.0"
    diff "^3.1.0"
    make-error "^1.1.1"
    source-map-support "^0.5.6"
    yn "^3.0.0"

tsconfig-paths@^3.7.0:
  version "3.7.0"
  resolved "https://registry.npmjs.org/tsconfig-paths/-/tsconfig-paths-3.7.0.tgz#02ae978db447b22e09dafcd4198be95c4885ceb2"
  integrity sha512-7iE+Q/2E1lgvxD+c0Ot+GFFmgmfIjt/zCayyruXkXQ84BLT85gHXy0WSoQSiuFX9+d+keE/jiON7notV74ZY+A==
  dependencies:
    "@types/json5" "^0.0.29"
    deepmerge "^2.0.1"
    json5 "^1.0.1"
    minimist "^1.2.0"
    strip-bom "^3.0.0"

tslib@^1.9.0:
  version "1.9.3"
  resolved "https://registry.npmjs.org/tslib/-/tslib-1.9.3.tgz#d7e4dd79245d85428c4d7e4822a79917954ca286"
  integrity sha512-4krF8scpejhaOgqzBEcGM7yDIEfi0/8+8zDRZhNZZ2kjmHJ4hv3zCbQWxoJGz1iw5U0Jl0nma13xzHXcncMavQ==

tslib@^2.0.1:
  version "2.1.0"
  resolved "https://registry.npm.taobao.org/tslib/download/tslib-2.1.0.tgz?cache=0&sync_timestamp=1609887581211&other_urls=https%3A%2F%2Fregistry.npm.taobao.org%2Ftslib%2Fdownload%2Ftslib-2.1.0.tgz#da60860f1c2ecaa5703ab7d39bc05b6bf988b97a"
  integrity sha1-2mCGDxwuyqVwOrfTm8Bba/mIuXo=

typescript@^4.2.3:
  version "4.2.3"
  resolved "https://registry.npm.taobao.org/typescript/download/typescript-4.2.3.tgz#39062d8019912d43726298f09493d598048c1ce3"
  integrity sha1-OQYtgBmRLUNyYpjwlJPVmASMHOM=

uri-js@^4.2.2:
  version "4.2.2"
  resolved "https://registry.npmjs.org/uri-js/-/uri-js-4.2.2.tgz#94c540e1ff772956e2299507c010aea6c8838eb0"
  integrity sha512-KY9Frmirql91X2Qgjry0Wd4Y+YTdrdZheS8TFwvkbLWf/G5KNJDCh6pKL5OZctEW4+0Baa5idK2ZQuELRwPznQ==
  dependencies:
    punycode "^2.1.0"

watchpack@^2.0.0:
  version "2.1.1"
  resolved "https://registry.npm.taobao.org/watchpack/download/watchpack-2.1.1.tgz?cache=0&sync_timestamp=1612715955072&other_urls=https%3A%2F%2Fregistry.npm.taobao.org%2Fwatchpack%2Fdownload%2Fwatchpack-2.1.1.tgz#e99630550fca07df9f90a06056987baa40a689c7"
  integrity sha1-6ZYwVQ/KB9+fkKBgVph7qkCmicc=
  dependencies:
    glob-to-regexp "^0.4.1"
    graceful-fs "^4.1.2"

wcwidth@^1.0.1:
  version "1.0.1"
  resolved "https://registry.npmjs.org/wcwidth/-/wcwidth-1.0.1.tgz#f0b0dcf915bc5ff1528afadb2c0e17b532da2fe8"
  integrity sha1-8LDc+RW8X/FSivrbLA4XtTLaL+g=
  dependencies:
    defaults "^1.0.3"

webpack-sources@^2.1.1:
  version "2.2.0"
  resolved "https://registry.npm.taobao.org/webpack-sources/download/webpack-sources-2.2.0.tgz#058926f39e3d443193b6c31547229806ffd02bac"
  integrity sha1-BYkm8549RDGTtsMVRyKYBv/QK6w=
  dependencies:
    source-list-map "^2.0.1"
    source-map "^0.6.1"

webpack@^5.27.2:
  version "5.27.2"
  resolved "https://registry.npm.taobao.org/webpack/download/webpack-5.27.2.tgz?cache=0&sync_timestamp=1616424294625&other_urls=https%3A%2F%2Fregistry.npm.taobao.org%2Fwebpack%2Fdownload%2Fwebpack-5.27.2.tgz#44442219e1469ebe00292703b848580faae03f07"
  integrity sha1-REQiGeFGnr4AKScDuEhYD6rgPwc=
  dependencies:
    "@types/eslint-scope" "^3.7.0"
    "@types/estree" "^0.0.46"
    "@webassemblyjs/ast" "1.11.0"
    "@webassemblyjs/wasm-edit" "1.11.0"
    "@webassemblyjs/wasm-parser" "1.11.0"
    acorn "^8.0.4"
    browserslist "^4.14.5"
    chrome-trace-event "^1.0.2"
    enhanced-resolve "^5.7.0"
    es-module-lexer "^0.4.0"
    eslint-scope "^5.1.1"
    events "^3.2.0"
    glob-to-regexp "^0.4.1"
    graceful-fs "^4.2.4"
    json-parse-better-errors "^1.0.2"
    loader-runner "^4.2.0"
    mime-types "^2.1.27"
    neo-async "^2.6.2"
    schema-utils "^3.0.0"
    tapable "^2.1.1"
    terser-webpack-plugin "^5.1.1"
    watchpack "^2.0.0"
    webpack-sources "^2.1.1"

which@^2.0.1:
  version "2.0.2"
  resolved "https://registry.npm.taobao.org/which/download/which-2.0.2.tgz?cache=0&other_urls=https%3A%2F%2Fregistry.npm.taobao.org%2Fwhich%2Fdownload%2Fwhich-2.0.2.tgz#7c6a8dd0a636a0327e10b59c9286eee93f3f51b1"
  integrity sha1-fGqN0KY2oDJ+ELWckobu6T8/UbE=
  dependencies:
    isexe "^2.0.0"

wrappy@1:
  version "1.0.2"
  resolved "https://registry.npmjs.org/wrappy/-/wrappy-1.0.2.tgz#b5243d8f3ec1aa35f1364605bc0d1036e30ab69f"
  integrity sha1-tSQ9jz7BqjXxNkYFvA0QNuMKtp8=

yn@^3.0.0:
  version "3.0.0"
  resolved "https://registry.npmjs.org/yn/-/yn-3.0.0.tgz#0073c6b56e92aed652fbdfd62431f2d6b9a7a091"
  integrity sha512-+Wo/p5VRfxUgBUGy2j/6KX2mj9AYJWOHuhMjMcbBFc3y54o9/4buK1ksBvuiK01C3kby8DH9lSmJdSxw+4G/2Q==

yocto-queue@^0.1.0:
  version "0.1.0"
  resolved "https://registry.npm.taobao.org/yocto-queue/download/yocto-queue-0.1.0.tgz#0294eb3dee05028d31ee1a5fa2c556a6aaf10a1b"
  integrity sha1-ApTrPe4FAo0x7hpfosVWpqrxChs=
